# THIS IS AN AUTOGENERATED FILE. DO NOT EDIT THIS FILE DIRECTLY.
# yarn lockfile v1


next-redux-wrapper@^7.0.5:
  version "7.0.5"
  resolved "https://registry.yarnpkg.com/next-redux-wrapper/-/next-redux-wrapper-7.0.5.tgz#109cd3fe02183b18fbd094924cfcbd21262039dc"
  integrity sha512-UFXdAWG5i+GFT8+Hoqpx3GArkPh34fVWF9YoA2VSHlBzsrPtnRd7NWM6FNSYUennpommTpWJ09mu+r/1UxyIkg==
